
Microsoft Visual Studio Solution File, Format Version 12.00
# Visual Studio Version 16
VisualStudioVersion = 16.0.30523.141
MinimumVisualStudioVersion = 10.0.40219.1
Project("{8BC9CEB8-8B4A-11D0-8D11-00A0C91BC942}") = "Engine", "Engine\Engine.vcxproj", "{5DDADB8A-CC92-4D96-9AC8-6C812F696D79}"
EndProject
Project("{8BC9CEB8-8B4A-11D0-8D11-00A0C91BC942}") = "Xenon", "Xenon\Xenon.vcxproj", "{31115B75-A20F-4210-89BA-BCEDF5BC2A11}"
EndProject
Global
	GlobalSection(SolutionConfigurationPlatforms) = preSolution
		Debug|x64 = Debug|x64
		Debug|x86 = Debug|x86
		Release|x64 = Release|x64
		Release|x86 = Release|x86
	EndGlobalSection
	GlobalSection(ProjectConfigurationPlatforms) = postSolution
		{5DDADB8A-CC92-4D96-9AC8-6C812F696D79}.Debug|x64.ActiveCfg = Debug|x64
		{5DDADB8A-CC92-4D96-9AC8-6C812F696D79}.Debug|x64.Build.0 = Debug|x64
		{5DDADB8A-CC92-4D96-9AC8-6C812F696D79}.Debug|x86.ActiveCfg = Debug|Win32
		{5DDADB8A-CC92-4D96-9AC8-6C812F696D79}.Debug|x86.Build.0 = Debug|Win32
		{5DDADB8A-CC92-4D96-9AC8-6C812F696D79}.Release|x64.ActiveCfg = Release|x64
		{5DDADB8A-CC92-4D96-9AC8-6C812F696D79}.Release|x64.Build.0 = Release|x64
		{5DDADB8A-CC92-4D96-9AC8-6C812F696D79}.Release|x86.ActiveCfg = Release|Win32
		{5DDADB8A-CC92-4D96-9AC8-6C812F696D79}.Release|x86.Build.0 = Release|Win32
		{31115B75-A20F-4210-89BA-BCEDF5BC2A11}.Debug|x64.ActiveCfg = Debug|x64
		{31115B75-A20F-4210-89BA-BCEDF5BC2A11}.Debug|x64.Build.0 = Debug|x64
		{31115B75-A20F-4210-89BA-BCEDF5BC2A11}.Debug|x86.ActiveCfg = Debug|Win32
		{31115B75-A20F-4210-89BA-BCEDF5BC2A11}.Debug|x86.Build.0 = Debug|Win32
		{31115B75-A20F-4210-89BA-BCEDF5BC2A11}.Release|x64.ActiveCfg = Release|x64
		{31115B75-A20F-4210-89BA-BCEDF5BC2A11}.Release|x64.Build.0 = Release|x64
		{31115B75-A20F-4210-89BA-BCEDF5BC2A11}.Release|x86.ActiveCfg = Release|Win32
		{31115B75-A20F-4210-89BA-BCEDF5BC2A11}.Release|x86.Build.0 = Release|Win32
	EndGlobalSection
	GlobalSection(SolutionProperties) = preSolution
		HideSolutionNode = FALSE
	EndGlobalSection
	GlobalSection(ExtensibilityGlobals) = postSolution
		SolutionGuid = {96038CCB-F410-4351-B6A3-07B280BCD1E5}
	EndGlobalSection
EndGlobal
